
Microsoft Visual Studio Solution File, Format Version 12.00
# Visual Studio 2013
VisualStudioVersion = 12.0.31101.0
MinimumVisualStudioVersion = 10.0.40219.1
Project("{FAE04EC0-301F-11D3-BF4B-00C04F79EFBC}") = "DIPrinciple", "DIPrinciple\DIPrinciple.csproj", "{BB9E2990-7A19-4BDA-AC18-E55FE63BDFAF}"
EndProject
Global
	GlobalSection(SolutionConfigurationPlatforms) = preSolution
		Debug|Any CPU = Debug|Any CPU
		Release|Any CPU = Release|Any CPU
	EndGlobalSection
	GlobalSection(ProjectConfigurationPlatforms) = postSolution
		{BB9E2990-7A19-4BDA-AC18-E55FE63BDFAF}.Debug|Any CPU.ActiveCfg = Debug|Any CPU
		{BB9E2990-7A19-4BDA-AC18-E55FE63BDFAF}.Debug|Any CPU.Build.0 = Debug|Any CPU
		{BB9E2990-7A19-4BDA-AC18-E55FE63BDFAF}.Release|Any CPU.ActiveCfg = Release|Any CPU
		{BB9E2990-7A19-4BDA-AC18-E55FE63BDFAF}.Release|Any CPU.Build.0 = Release|Any CPU
	EndGlobalSection
	GlobalSection(SolutionProperties) = preSolution
		HideSolutionNode = FALSE
	EndGlobalSection
EndGlobal
